
Microsoft Visual Studio Solution File, Format Version 12.00
# Visual Studio Version 16
VisualStudioVersion = 16.0.31624.102
MinimumVisualStudioVersion = 10.0.40219.1
Project("{FAE04EC0-301F-11D3-BF4B-00C04F79EFBC}") = "WebAPI_Project", "WebAPI_Project\WebAPI_Project.csproj", "{7A56EDDA-D9EA-4CBD-A230-44E124FC0E8D}"
EndProject
Global
	GlobalSection(SolutionConfigurationPlatforms) = preSolution
		Debug|Any CPU = Debug|Any CPU
		Release|Any CPU = Release|Any CPU
	EndGlobalSection
	GlobalSection(ProjectConfigurationPlatforms) = postSolution
		{7A56EDDA-D9EA-4CBD-A230-44E124FC0E8D}.Debug|Any CPU.ActiveCfg = Debug|Any CPU
		{7A56EDDA-D9EA-4CBD-A230-44E124FC0E8D}.Debug|Any CPU.Build.0 = Debug|Any CPU
		{7A56EDDA-D9EA-4CBD-A230-44E124FC0E8D}.Release|Any CPU.ActiveCfg = Release|Any CPU
		{7A56EDDA-D9EA-4CBD-A230-44E124FC0E8D}.Release|Any CPU.Build.0 = Release|Any CPU
	EndGlobalSection
	GlobalSection(SolutionProperties) = preSolution
		HideSolutionNode = FALSE
	EndGlobalSection
	GlobalSection(ExtensibilityGlobals) = postSolution
		SolutionGuid = {3ED63FEC-445D-4B9F-ABF8-878A6FD70A1F}
	EndGlobalSection
EndGlobal
